// !$*UTF8*$!
{
	archiveVersion = 1;
	classes = {
	};
	objectVersion = 50;
	objects = {

/* Begin PBXBuildFile section */
		3052D93624DB319B002EDCEA /* AppDelegate.swift in Sources */ = {isa = PBXBuildFile; fileRef = 3052D93524DB319B002EDCEA /* AppDelegate.swift */; };
		3052D93824DB319B002EDCEA /* SceneDelegate.swift in Sources */ = {isa = PBXBuildFile; fileRef = 3052D93724DB319B002EDCEA /* SceneDelegate.swift */; };
		3052D93D24DB319B002EDCEA /* Main.storyboard in Resources */ = {isa = PBXBuildFile; fileRef = 3052D93B24DB319B002EDCEA /* Main.storyboard */; };
		3052D93F24DB319F002EDCEA /* Assets.xcassets in Resources */ = {isa = PBXBuildFile; fileRef = 3052D93E24DB319F002EDCEA /* Assets.xcassets */; };
		3052D94224DB319F002EDCEA /* LaunchScreen.storyboard in Resources */ = {isa = PBXBuildFile; fileRef = 3052D94024DB319F002EDCEA /* LaunchScreen.storyboard */; };
		3052D94D24DB32AC002EDCEA /* Constants.swift in Sources */ = {isa = PBXBuildFile; fileRef = 3052D94C24DB32AB002EDCEA /* Constants.swift */; };
		3052D94F24DB32BC002EDCEA /* BoardViewController.swift in Sources */ = {isa = PBXBuildFile; fileRef = 3052D94E24DB32BC002EDCEA /* BoardViewController.swift */; };
		3052D95124DB32CB002EDCEA /* ChessModel.swift in Sources */ = {isa = PBXBuildFile; fileRef = 3052D95024DB32CA002EDCEA /* ChessModel.swift */; };
/* End PBXBuildFile section */

/* Begin PBXFileReference section */
		3052D93224DB319B002EDCEA /* chess.app */ = {isa = PBXFileReference; explicitFileType = wrapper.application; includeInIndex = 0; path = chess.app; sourceTree = BUILT_PRODUCTS_DIR; };
		3052D93524DB319B002EDCEA /* AppDelegate.swift */ = {isa = PBXFileReference; lastKnownFileType = sourcecode.swift; path = AppDelegate.swift; sourceTree = "<group>"; };
		3052D93724DB319B002EDCEA /* SceneDelegate.swift */ = {isa = PBXFileReference; lastKnownFileType = sourcecode.swift; path = SceneDelegate.swift; sourceTree = "<group>"; };
		3052D93C24DB319B002EDCEA /* Base */ = {isa = PBXFileReference; lastKnownFileType = file.storyboard; name = Base; path = Base.lproj/Main.storyboard; sourceTree = "<group>"; };
		3052D93E24DB319F002EDCEA /* Assets.xcassets */ = {isa = PBXFileReference; lastKnownFileType = folder.assetcatalog; path = Assets.xcassets; sourceTree = "<group>"; };
		3052D94124DB319F002EDCEA /* Base */ = {isa = PBXFileReference; lastKnownFileType = file.storyboard; name = Base; path = Base.lproj/LaunchScreen.storyboard; sourceTree = "<group>"; };
		3052D94324DB319F002EDCEA /* Info.plist */ = {isa = PBXFileReference; lastKnownFileType = text.plist.xml; path = Info.plist; sourceTree = "<group>"; };
		3052D94C24DB32AB002EDCEA /* Constants.swift */ = {isa = PBXFileReference; fileEncoding = 4; lastKnownFileType = sourcecode.swift; path = Constants.swift; sourceTree = "<group>"; };
		3052D94E24DB32BC002EDCEA /* BoardViewController.swift */ = {isa = PBXFileReference; fileEncoding = 4; lastKnownFileType = sourcecode.swift; path = BoardViewController.swift; sourceTree = "<group>"; };
		3052D95024DB32CA002EDCEA /* ChessModel.swift */ = {isa = PBXFileReference; fileEncoding = 4; lastKnownFileType = sourcecode.swift; path = ChessModel.swift; sourceTree = "<group>"; };
/* End PBXFileReference section */

/* Begin PBXFrameworksBuildPhase section */
		3052D92F24DB319B002EDCEA /* Frameworks */ = {
			isa = PBXFrameworksBuildPhase;
			buildActionMask = 2147483647;
			files = (
			);
			runOnlyForDeploymentPostprocessing = 0;
		};
/* End PBXFrameworksBuildPhase section */

/* Begin PBXGroup section */
		3052D92924DB319B002EDCEA = {
			isa = PBXGroup;
			children = (
				3052D93424DB319B002EDCEA /* chess */,
				3052D93324DB319B002EDCEA /* Products */,
			);
			sourceTree = "<group>";
		};
		3052D93324DB319B002EDCEA /* Products */ = {
			isa = PBXGroup;
			children = (
				3052D93224DB319B002EDCEA /* chess.app */,
			);
			name = Products;
			sourceTree = "<group>";
		};
		3052D93424DB319B002EDCEA /* chess */ = {
			isa = PBXGroup;
			children = (
				3052D94B24DB31CD002EDCEA /* Model */,
				3052D94A24DB31C5002EDCEA /* View */,
				3052D94924DB31BE002EDCEA /* Controller */,
				3052D94C24DB32AB002EDCEA /* Constants.swift */,
				3052D93524DB319B002EDCEA /* AppDelegate.swift */,
				3052D93724DB319B002EDCEA /* SceneDelegate.swift */,
				3052D93E24DB319F002EDCEA /* Assets.xcassets */,
				3052D94324DB319F002EDCEA /* Info.plist */,
			);
			path = chess;
			sourceTree = "<group>";
		};
		3052D94924DB31BE002EDCEA /* Controller */ = {
			isa = PBXGroup;
			children = (
				3052D94E24DB32BC002EDCEA /* BoardViewController.swift */,
			);
			path = Controller;
			sourceTree = "<group>";
		};
		3052D94A24DB31C5002EDCEA /* View */ = {
			isa = PBXGroup;
			children = (
				3052D93B24DB319B002EDCEA /* Main.storyboard */,
				3052D94024DB319F002EDCEA /* LaunchScreen.storyboard */,
			);
			path = View;
			sourceTree = "<group>";
		};
		3052D94B24DB31CD002EDCEA /* Model */ = {
			isa = PBXGroup;
			children = (
				3052D95024DB32CA002EDCEA /* ChessModel.swift */,
			);
			path = Model;
			sourceTree = "<group>";
		};
/* End PBXGroup section */

/* Begin PBXNativeTarget section */
		3052D93124DB319B002EDCEA /* chess */ = {
			isa = PBXNativeTarget;
			buildConfigurationList = 3052D94624DB319F002EDCEA /* Build configuration list for PBXNativeTarget "chess" */;
			buildPhases = (
				3052D92E24DB319B002EDCEA /* Sources */,
				3052D92F24DB319B002EDCEA /* Frameworks */,
				3052D93024DB319B002EDCEA /* Resources */,
			);
			buildRules = (
			);
			dependencies = (
			);
			name = chess;
			productName = chess;
			productReference = 3052D93224DB319B002EDCEA /* chess.app */;
			productType = "com.apple.product-type.application";
		};
/* End PBXNativeTarget section */

/* Begin PBXProject section */
		3052D92A24DB319B002EDCEA /* Project object */ = {
			isa = PBXProject;
			attributes = {
				LastSwiftUpdateCheck = 1130;
				LastUpgradeCheck = 1130;
				ORGANIZATIONNAME = "Priyadharshini Tamilarasan";
				TargetAttributes = {
					3052D93124DB319B002EDCEA = {
						CreatedOnToolsVersion = 11.3.1;
					};
				};
			};
			buildConfigurationList = 3052D92D24DB319B002EDCEA /* Build configuration list for PBXProject "chess" */;
			compatibilityVersion = "Xcode 9.3";
			developmentRegion = en;
			hasScannedForEncodings = 0;
			knownRegions = (
				en,
				Base,
			);
			mainGroup = 3052D92924DB319B002EDCEA;
			productRefGroup = 3052D93324DB319B002EDCEA /* Products */;
			projectDirPath = "";
			projectRoot = "";
			targets = (
				3052D93124DB319B002EDCEA /* chess */,
			);
		};
/* End PBXProject section */

/* Begin PBXResourcesBuildPhase section */
		3052D93024DB319B002EDCEA /* Resources */ = {
			isa = PBXResourcesBuildPhase;
			buildActionMask = 2147483647;
			files = (
				3052D94224DB319F002EDCEA /* LaunchScreen.storyboard in Resources */,
				3052D93F24DB319F002EDCEA /* Assets.xcassets in Resources */,
				3052D93D24DB319B002EDCEA /* Main.storyboard in Resources */,
			);
			runOnlyForDeploymentPostprocessing = 0;
		};
/* End PBXResourcesBuildPhase section */

/* Begin PBXSourcesBuildPhase section */
		3052D92E24DB319B002EDCEA /* Sources */ = {
			isa = PBXSourcesBuildPhase;
			buildActionMask = 2147483647;
			files = (
				3052D93624DB319B002EDCEA /* AppDelegate.swift in Sources */,
				3052D93824DB319B002EDCEA /* SceneDelegate.swift in Sources */,
				3052D95124DB32CB002EDCEA /* ChessModel.swift in Sources */,
				3052D94D24DB32AC002EDCEA /* Constants.swift in Sources */,
				3052D94F24DB32BC002EDCEA /* BoardViewController.swift in Sources */,
			);
			runOnlyForDeploymentPostprocessing = 0;
		};
/* End PBXSourcesBuildPhase section */

/* Begin PBXVariantGroup section */
		3052D93B24DB319B002EDCEA /* Main.storyboard */ = {
			isa = PBXVariantGroup;
			children = (
				3052D93C24DB319B002EDCEA /* Base */,
			);
			name = Main.storyboard;
			sourceTree = "<group>";
		};
		3052D94024DB319F002EDCEA /* LaunchScreen.storyboard */ = {
			isa = PBXVariantGroup;
			children = (
				3052D94124DB319F002EDCEA /* Base */,
			);
			name = LaunchScreen.storyboard;
			sourceTree = "<group>";
		};
/* End PBXVariantGroup section */

/* Begin XCBuildConfiguration section */
		3052D94424DB319F002EDCEA /* Debug */ = {
			isa = XCBuildConfiguration;
			buildSettings = {
				ALWAYS_SEARCH_USER_PATHS = NO;
				CLANG_ANALYZER_NONNULL = YES;
				CLANG_ANALYZER_NUMBER_OBJECT_CONVERSION = YES_AGGRESSIVE;
				CLANG_CXX_LANGUAGE_STANDARD = "gnu++14";
				CLANG_CXX_LIBRARY = "libc++";
				CLANG_ENABLE_MODULES = YES;
				CLANG_ENABLE_OBJC_ARC = YES;
				CLANG_ENABLE_OBJC_WEAK = YES;
				CLANG_WARN_BLOCK_CAPTURE_AUTORELEASING = YES;
				CLANG_WARN_BOOL_CONVERSION = YES;
				CLANG_WARN_COMMA = YES;
				CLANG_WARN_CONSTANT_CONVERSION = YES;
				CLANG_WARN_DEPRECATED_OBJC_IMPLEMENTATIONS = YES;
				CLANG_WARN_DIRECT_OBJC_ISA_USAGE = YES_ERROR;
				CLANG_WARN_DOCUMENTATION_COMMENTS = YES;
				CLANG_WARN_EMPTY_BODY = YES;
				CLANG_WARN_ENUM_CONVERSION = YES;
				CLANG_WARN_INFINITE_RECURSION = YES;
				CLANG_WARN_INT_CONVERSION = YES;
				CLANG_WARN_NON_LITERAL_NULL_CONVERSION = YES;
				CLANG_WARN_OBJC_IMPLICIT_RETAIN_SELF = YES;
				CLANG_WARN_OBJC_LITERAL_CONVERSION = YES;
				CLANG_WARN_OBJC_ROOT_CLASS = YES_ERROR;
				CLANG_WARN_RANGE_LOOP_ANALYSIS = YES;
				CLANG_WARN_STRICT_PROTOTYPES = YES;
				CLANG_WARN_SUSPICIOUS_MOVE = YES;
				CLANG_WARN_UNGUARDED_AVAILABILITY = YES_AGGRESSIVE;
				CLANG_WARN_UNREACHABLE_CODE = YES;
				CLANG_WARN__DUPLICATE_METHOD_MATCH = YES;
				COPY_PHASE_STRIP = NO;
				DEBUG_INFORMATION_FORMAT = dwarf;
				ENABLE_STRICT_OBJC_MSGSEND = YES;
				ENABLE_TESTABILITY = YES;
				GCC_C_LANGUAGE_STANDARD = gnu11;
				GCC_DYNAMIC_NO_PIC = NO;
				GCC_NO_COMMON_BLOCKS = YES;
				GCC_OPTIMIZATION_LEVEL = 0;
				GCC_PREPROCESSOR_DEFINITIONS = (
					"DEBUG=1",
					"$(inherited)",
				);
				GCC_WARN_64_TO_32_BIT_CONVERSION = YES;
				GCC_WARN_ABOUT_RETURN_TYPE = YES_ERROR;
				GCC_WARN_UNDECLARED_SELECTOR = YES;
				GCC_WARN_UNINITIALIZED_AUTOS = YES_AGGRESSIVE;
				GCC_WARN_UNUSED_FUNCTION = YES;
				GCC_WARN_UNUSED_VARIABLE = YES;
				IPHONEOS_DEPLOYMENT_TARGET = 13.2;
				MTL_ENABLE_DEBUG_INFO = INCLUDE_SOURCE;
				MTL_FAST_MATH = YES;
				ONLY_ACTIVE_ARCH = YES;
				SDKROOT = iphoneos;
				SWIFT_ACTIVE_COMPILATION_CONDITIONS = DEBUG;
				SWIFT_OPTIMIZATION_LEVEL = "-Onone";
			};
			name = Debug;
		};
		3052D94524DB319F002EDCEA /* Release */ = {
			isa = XCBuildConfiguration;
			buildSettings = {
				ALWAYS_SEARCH_USER_PATHS = NO;
				CLANG_ANALYZER_NONNULL = YES;
				CLANG_ANALYZER_NUMBER_OBJECT_CONVERSION = YES_AGGRESSIVE;
				CLANG_CXX_LANGUAGE_STANDARD = "gnu++14";
				CLANG_CXX_LIBRARY = "libc++";
				CLANG_ENABLE_MODULES = YES;
				CLANG_ENABLE_OBJC_ARC = YES;
				CLANG_ENABLE_OBJC_WEAK = YES;
				CLANG_WARN_BLOCK_CAPTURE_AUTORELEASING = YES;
				CLANG_WARN_BOOL_CONVERSION = YES;
				CLANG_WARN_COMMA = YES;
				CLANG_WARN_CONSTANT_CONVERSION = YES;
				CLANG_WARN_DEPRECATED_OBJC_IMPLEMENTATIONS = YES;
				CLANG_WARN_DIRECT_OBJC_ISA_USAGE = YES_ERROR;
				CLANG_WARN_DOCUMENTATION_COMMENTS = YES;
				CLANG_WARN_EMPTY_BODY = YES;
				CLANG_WARN_ENUM_CONVERSION = YES;
				CLANG_WARN_INFINITE_RECURSION = YES;
				CLANG_WARN_INT_CONVERSION = YES;
				CLANG_WARN_NON_LITERAL_NULL_CONVERSION = YES;
				CLANG_WARN_OBJC_IMPLICIT_RETAIN_SELF = YES;
				CLANG_WARN_OBJC_LITERAL_CONVERSION = YES;
				CLANG_WARN_OBJC_ROOT_CLASS = YES_ERROR;
				CLANG_WARN_RANGE_LOOP_ANALYSIS = YES;
				CLANG_WARN_STRICT_PROTOTYPES = YES;
				CLANG_WARN_SUSPICIOUS_MOVE = YES;
				CLANG_WARN_UNGUARDED_AVAILABILITY = YES_AGGRESSIVE;
				CLANG_WARN_UNREACHABLE_CODE = YES;
				CLANG_WARN__DUPLICATE_METHOD_MATCH = YES;
				COPY_PHASE_STRIP = NO;
				DEBUG_INFORMATION_FORMAT = "dwarf-with-dsym";
				ENABLE_NS_ASSERTIONS = NO;
				ENABLE_STRICT_OBJC_MSGSEND = YES;
				GCC_C_LANGUAGE_STANDARD = gnu11;
				GCC_NO_COMMON_BLOCKS = YES;
				GCC_WARN_64_TO_32_BIT_CONVERSION = YES;
				GCC_WARN_ABOUT_RETURN_TYPE = YES_ERROR;
				GCC_WARN_UNDECLARED_SELECTOR = YES;
				GCC_WARN_UNINITIALIZED_AUTOS = YES_AGGRESSIVE;
				GCC_WARN_UNUSED_FUNCTION = YES;
				GCC_WARN_UNUSED_VARIABLE = YES;
				IPHONEOS_DEPLOYMENT_TARGET = 13.2;
				MTL_ENABLE_DEBUG_INFO = NO;
				MTL_FAST_MATH = YES;
				SDKROOT = iphoneos;
				SWIFT_COMPILATION_MODE = wholemodule;
				SWIFT_OPTIMIZATION_LEVEL = "-O";
				VALIDATE_PRODUCT = YES;
			};
			name = Release;
		};
		3052D94724DB319F002EDCEA /* Debug */ = {
			isa = XCBuildConfiguration;
			buildSettings = {
				ASSETCATALOG_COMPILER_APPICON_NAME = AppIcon;
				CODE_SIGN_STYLE = Automatic;
				DEVELOPMENT_TEAM = 4SGCD6D39K;
				INFOPLIST_FILE = chess/Info.plist;
				IPHONEOS_DEPLOYMENT_TARGET = 12.0;
				LD_RUNPATH_SEARCH_PATHS = (
					"$(inherited)",
					"@executable_path/Frameworks",
				);
				PRODUCT_BUNDLE_IDENTIFIER = com.priyadharshinitamilarasan.chess;
				PRODUCT_NAME = "$(TARGET_NAME)";
				SWIFT_VERSION = 5.0;
				TARGETED_DEVICE_FAMILY = "1,2";
			};
			name = Debug;
		};
		3052D94824DB319F002EDCEA /* Release */ = {
			isa = XCBuildConfiguration;
			buildSettings = {
				ASSETCATALOG_COMPILER_APPICON_NAME = AppIcon;
				CODE_SIGN_STYLE = Automatic;
				DEVELOPMENT_TEAM = 4SGCD6D39K;
				INFOPLIST_FILE = chess/Info.plist;
				IPHONEOS_DEPLOYMENT_TARGET = 12.0;
				LD_RUNPATH_SEARCH_PATHS = (
					"$(inherited)",
					"@executable_path/Frameworks",
				);
				PRODUCT_BUNDLE_IDENTIFIER = com.priyadharshinitamilarasan.chess;
				PRODUCT_NAME = "$(TARGET_NAME)";
				SWIFT_VERSION = 5.0;
				TARGETED_DEVICE_FAMILY = "1,2";
			};
			name = Release;
		};
/* End XCBuildConfiguration section */

/* Begin XCConfigurationList section */
		3052D92D24DB319B002EDCEA /* Build configuration list for PBXProject "chess" */ = {
			isa = XCConfigurationList;
			buildConfigurations = (
				3052D94424DB319F002EDCEA /* Debug */,
				3052D94524DB319F002EDCEA /* Release */,
			);
			defaultConfigurationIsVisible = 0;
			defaultConfigurationName = Release;
		};
		3052D94624DB319F002EDCEA /* Build configuration list for PBXNativeTarget "chess" */ = {
			isa = XCConfigurationList;
			buildConfigurations = (
				3052D94724DB319F002EDCEA /* Debug */,
				3052D94824DB319F002EDCEA /* Release */,
			);
			defaultConfigurationIsVisible = 0;
			defaultConfigurationName = Release;
		};
/* End XCConfigurationList section */
	};
	rootObject = 3052D92A24DB319B002EDCEA /* Project object */;
}
